{
  "nodes": {
    "flake-compat": {
      "flake": false,
      "locked": {
        "lastModified": 1650374568,
        "narHash": "sha256-Z+s0J8/r907g149rllvwhb4pKi8Wam5ij0st8PwAh+E=",
        "owner": "edolstra",
        "repo": "flake-compat",
        "rev": "b4a34015c698c7793d592d66adbab377907a2be8",
        "type": "github"
      },
      "original": {
        "owner": "edolstra",
        "repo": "flake-compat",
        "type": "github"
      }
    },
    "flake-utils": {
      "locked": {
        "lastModified": 1659877975,
        "narHash": "sha256-zllb8aq3YO3h8B/U0/J1WBgAL8EX5yWf5pMj3G0NAmc=",
        "owner": "numtide",
        "repo": "flake-utils",
        "rev": "c0e246b9b83f637f4681389ecabcb2681b4f3af0",
        "type": "github"
      },
      "original": {
        "owner": "numtide",
        "repo": "flake-utils",
        "type": "github"
      }
    },
    "flake-utils-plus": {
      "inputs": {
        "flake-utils": "flake-utils_2"
      },
      "locked": {
        "lastModified": 1696331477,
        "narHash": "sha256-YkbRa/1wQWdWkVJ01JvV+75KIdM37UErqKgTf0L54Fk=",
        "owner": "gytis-ivaskevicius",
        "repo": "flake-utils-plus",
        "rev": "bfc53579db89de750b25b0c5e7af299e0c06d7d3",
        "type": "github"
      },
      "original": {
        "owner": "gytis-ivaskevicius",
        "repo": "flake-utils-plus",
        "type": "github"
      }
    },
    "flake-utils_2": {
      "inputs": {
        "systems": "systems"
      },
      "locked": {
        "lastModified": 1694529238,
        "narHash": "sha256-zsNZZGTGnMOf9YpHKJqMSsa0dXbfmxeoJ7xHlrt+xmY=",
        "owner": "numtide",
        "repo": "flake-utils",
        "rev": "ff7b65b44d01cf9ba6a71320833626af21126384",
        "type": "github"
      },
      "original": {
        "owner": "numtide",
        "repo": "flake-utils",
        "type": "github"
      }
    },
    "home-manager": {
      "inputs": {
        "nixpkgs": [
          "nixpkgs"
        ]
      },
      "locked": {
        "lastModified": 1708591310,
        "narHash": "sha256-8mQGVs8JccWTnORgoLOTh9zvf6Np+x2JzhIc+LDcJ9s=",
        "owner": "nix-community",
        "repo": "home-manager",
        "rev": "0e0e9669547e45ea6cca2de4044c1a384fd0fe55",
        "type": "github"
      },
      "original": {
        "owner": "nix-community",
        "repo": "home-manager",
        "type": "github"
      }
    },
    "nix-index-database": {
      "inputs": {
        "nixpkgs": [
          "nixpkgs"
        ]
      },
      "locked": {
        "lastModified": 1708225687,
        "narHash": "sha256-NJBDfvknI26beOFmjO2coeJMTTUCCtw2Iu+rvJ1Zb9k=",
        "owner": "Mic92",
        "repo": "nix-index-database",
        "rev": "17352eb241a8d158c4ac523b19d8d2a6c8efe127",
        "type": "github"
      },
      "original": {
        "owner": "Mic92",
        "repo": "nix-index-database",
        "type": "github"
      }
    },
    "nixgl": {
      "inputs": {
        "flake-utils": "flake-utils",
        "nixpkgs": [
          "nixpkgs"
        ]
      },
      "locked": {
        "lastModified": 1685908677,
        "narHash": "sha256-E4zUPEUFyVWjVm45zICaHRpfGepfkE9Z2OECV9HXfA4=",
        "owner": "guibou",
        "repo": "nixGL",
        "rev": "489d6b095ab9d289fe11af0219a9ff00fe87c7c5",
        "type": "github"
      },
      "original": {
        "owner": "guibou",
        "repo": "nixGL",
        "type": "github"
      }
    },
    "nixpkgs": {
      "locked": {
        "lastModified": 1708692673,
        "narHash": "sha256-qIQMXkkp3/Lo2Zu41BK/oN3Dt3b5rUJELvt+CbAXPXw=",
        "owner": "NixOS",
        "repo": "nixpkgs",
        "rev": "48b75eb6e521f2303cb3cd53a94ec80021b422aa",
        "type": "github"
      },
      "original": {
        "owner": "NixOS",
        "ref": "nixpkgs-unstable",
        "repo": "nixpkgs",
        "type": "github"
      }
    },
    "root": {
      "inputs": {
        "home-manager": "home-manager",
        "nix-index-database": "nix-index-database",
        "nixgl": "nixgl",
        "nixpkgs": "nixpkgs",
        "snowfall-lib": "snowfall-lib"
      }
    },
    "snowfall-lib": {
      "inputs": {
        "flake-compat": "flake-compat",
        "flake-utils-plus": "flake-utils-plus",
        "nixpkgs": [
          "nixpkgs"
        ]
      },
      "locked": {
        "lastModified": 1696432959,
        "narHash": "sha256-oJQZv2MYyJaVyVJY5IeevzqpGvMGKu5pZcCCJvb+xjc=",
        "owner": "snowfallorg",
        "repo": "lib",
        "rev": "92803a029b5314d4436a8d9311d8707b71d9f0b6",
        "type": "github"
      },
      "original": {
        "owner": "snowfallorg",
        "repo": "lib",
        "type": "github"
      }
    },
    "systems": {
      "locked": {
        "lastModified": 1681028828,
        "narHash": "sha256-Vy1rq5AaRuLzOxct8nz4T6wlgyUR7zLU309k9mBC768=",
        "owner": "nix-systems",
        "repo": "default",
        "rev": "da67096a3b9bf56a91d16901293e51ba5b49a27e",
        "type": "github"
      },
      "original": {
        "owner": "nix-systems",
        "repo": "default",
        "type": "github"
      }
    }
  },
  "root": "root",
  "version": 7
}
