{
  "nodes": {
    "flake-compat": {
      "flake": false,
      "locked": {
        "lastModified": 1650374568,
        "narHash": "sha256-Z+s0J8/r907g149rllvwhb4pKi8Wam5ij0st8PwAh+E=",
        "owner": "edolstra",
        "repo": "flake-compat",
        "rev": "b4a34015c698c7793d592d66adbab377907a2be8",
        "type": "github"
      },
      "original": {
        "owner": "edolstra",
        "repo": "flake-compat",
        "type": "github"
      }
    },
    "flake-utils": {
      "locked": {
        "lastModified": 1644229661,
        "narHash": "sha256-1YdnJAsNy69bpcjuoKdOYQX0YxZBiCYZo4Twxerqv7k=",
        "owner": "numtide",
        "repo": "flake-utils",
        "rev": "3cecb5b042f7f209c56ffd8371b2711a290ec797",
        "type": "github"
      },
      "original": {
        "owner": "numtide",
        "repo": "flake-utils",
        "type": "github"
      }
    },
    "flake-utils-plus": {
      "inputs": {
        "flake-utils": "flake-utils"
      },
      "locked": {
        "lastModified": 1657226504,
        "narHash": "sha256-GIYNjuq4mJlFgqKsZ+YrgzWm0IpA4axA3MCrdKYj7gs=",
        "owner": "gytis-ivaskevicius",
        "repo": "flake-utils-plus",
        "rev": "2bf0f91643c2e5ae38c1b26893ac2927ac9bd82a",
        "type": "github"
      },
      "original": {
        "owner": "gytis-ivaskevicius",
        "repo": "flake-utils-plus",
        "type": "github"
      }
    },
    "home-manager": {
      "inputs": {
        "nixpkgs": [
          "nixpkgs"
        ]
      },
      "locked": {
        "lastModified": 1686778999,
        "narHash": "sha256-3qBtOJdznerw33LgwJTSUL6u8/j1Ot83fcc0f6oHKmk=",
        "owner": "nix-community",
        "repo": "home-manager",
        "rev": "e0034971f9def16bbc32124147787bc0f09f0e59",
        "type": "github"
      },
      "original": {
        "owner": "nix-community",
        "repo": "home-manager",
        "type": "github"
      }
    },
    "nixpkgs": {
      "locked": {
        "lastModified": 1686832675,
        "narHash": "sha256-jUDtuz7J/4ki7MxQLqm9Y2wYZvsOllNbCn5M/p9dxNU=",
        "owner": "Animeshz",
        "repo": "nixpkgs",
        "rev": "0ae21b026874ca99659e09f8c9f47ca15f363754",
        "type": "github"
      },
      "original": {
        "owner": "Animeshz",
        "ref": "nixos-23.05",
        "repo": "nixpkgs",
        "type": "github"
      }
    },
    "root": {
      "inputs": {
        "home-manager": "home-manager",
        "nixpkgs": "nixpkgs",
        "snowfall-lib": "snowfall-lib"
      }
    },
    "snowfall-lib": {
      "inputs": {
        "flake-compat": "flake-compat",
        "flake-utils-plus": "flake-utils-plus",
        "nixpkgs": [
          "nixpkgs"
        ]
      },
      "locked": {
        "lastModified": 1685301605,
        "narHash": "sha256-90gQ48dxKtanJDECxXiQHdvDEuA/VGCLWe5lmVbH1bQ=",
        "owner": "snowfallorg",
        "repo": "lib",
        "rev": "165d8bb203a6a00670659f03c021e9c580f3f575",
        "type": "github"
      },
      "original": {
        "owner": "snowfallorg",
        "ref": "feat/home-manager",
        "repo": "lib",
        "type": "github"
      }
    }
  },
  "root": "root",
  "version": 7
}
