{
  "nodes": {
    "flake-compat": {
      "flake": false,
      "locked": {
        "lastModified": 1650374568,
        "narHash": "sha256-Z+s0J8/r907g149rllvwhb4pKi8Wam5ij0st8PwAh+E=",
        "owner": "edolstra",
        "repo": "flake-compat",
        "rev": "b4a34015c698c7793d592d66adbab377907a2be8",
        "type": "github"
      },
      "original": {
        "owner": "edolstra",
        "repo": "flake-compat",
        "type": "github"
      }
    },
    "flake-utils": {
      "locked": {
        "lastModified": 1659877975,
        "narHash": "sha256-zllb8aq3YO3h8B/U0/J1WBgAL8EX5yWf5pMj3G0NAmc=",
        "owner": "numtide",
        "repo": "flake-utils",
        "rev": "c0e246b9b83f637f4681389ecabcb2681b4f3af0",
        "type": "github"
      },
      "original": {
        "owner": "numtide",
        "repo": "flake-utils",
        "type": "github"
      }
    },
    "flake-utils-plus": {
      "inputs": {
        "flake-utils": "flake-utils_2"
      },
      "locked": {
        "lastModified": 1696331477,
        "narHash": "sha256-YkbRa/1wQWdWkVJ01JvV+75KIdM37UErqKgTf0L54Fk=",
        "owner": "gytis-ivaskevicius",
        "repo": "flake-utils-plus",
        "rev": "bfc53579db89de750b25b0c5e7af299e0c06d7d3",
        "type": "github"
      },
      "original": {
        "owner": "gytis-ivaskevicius",
        "repo": "flake-utils-plus",
        "type": "github"
      }
    },
    "flake-utils_2": {
      "inputs": {
        "systems": "systems"
      },
      "locked": {
        "lastModified": 1694529238,
        "narHash": "sha256-zsNZZGTGnMOf9YpHKJqMSsa0dXbfmxeoJ7xHlrt+xmY=",
        "owner": "numtide",
        "repo": "flake-utils",
        "rev": "ff7b65b44d01cf9ba6a71320833626af21126384",
        "type": "github"
      },
      "original": {
        "owner": "numtide",
        "repo": "flake-utils",
        "type": "github"
      }
    },
    "home-manager": {
      "inputs": {
        "nixpkgs": [
          "nixpkgs"
        ]
      },
      "locked": {
        "lastModified": 1699748081,
        "narHash": "sha256-MOmMapBydd7MTjhX4eeQZzKlCABWw8W6iSHSG4OeFKE=",
        "owner": "nix-community",
        "repo": "home-manager",
        "rev": "04bac349d585c9df38d78e0285b780a140dc74a4",
        "type": "github"
      },
      "original": {
        "owner": "nix-community",
        "ref": "release-23.05",
        "repo": "home-manager",
        "type": "github"
      }
    },
    "nix-index-database": {
      "inputs": {
        "nixpkgs": [
          "nixpkgs"
        ]
      },
      "locked": {
        "lastModified": 1699760693,
        "narHash": "sha256-u/gkNUHQR/q23voqE5J4xmEWQIAqR+g3lUnCtzn0k7Y=",
        "owner": "Mic92",
        "repo": "nix-index-database",
        "rev": "8aff4ca3dee60d1422489fe8d52c2f837b3ad113",
        "type": "github"
      },
      "original": {
        "owner": "Mic92",
        "repo": "nix-index-database",
        "type": "github"
      }
    },
    "nixgl": {
      "inputs": {
        "flake-utils": "flake-utils",
        "nixpkgs": [
          "nixpkgs"
        ]
      },
      "locked": {
        "lastModified": 1685908677,
        "narHash": "sha256-E4zUPEUFyVWjVm45zICaHRpfGepfkE9Z2OECV9HXfA4=",
        "owner": "guibou",
        "repo": "nixGL",
        "rev": "489d6b095ab9d289fe11af0219a9ff00fe87c7c5",
        "type": "github"
      },
      "original": {
        "owner": "guibou",
        "repo": "nixGL",
        "type": "github"
      }
    },
    "nixpkgs": {
      "locked": {
        "lastModified": 1686832675,
        "narHash": "sha256-jUDtuz7J/4ki7MxQLqm9Y2wYZvsOllNbCn5M/p9dxNU=",
        "owner": "Animeshz",
        "repo": "nixpkgs",
        "rev": "0ae21b026874ca99659e09f8c9f47ca15f363754",
        "type": "github"
      },
      "original": {
        "owner": "Animeshz",
        "ref": "nixos-23.05",
        "repo": "nixpkgs",
        "type": "github"
      }
    },
    "root": {
      "inputs": {
        "home-manager": "home-manager",
        "nix-index-database": "nix-index-database",
        "nixgl": "nixgl",
        "nixpkgs": "nixpkgs",
        "snowfall-lib": "snowfall-lib"
      }
    },
    "snowfall-lib": {
      "inputs": {
        "flake-compat": "flake-compat",
        "flake-utils-plus": "flake-utils-plus",
        "nixpkgs": [
          "nixpkgs"
        ]
      },
      "locked": {
        "lastModified": 1696432959,
        "narHash": "sha256-oJQZv2MYyJaVyVJY5IeevzqpGvMGKu5pZcCCJvb+xjc=",
        "owner": "snowfallorg",
        "repo": "lib",
        "rev": "92803a029b5314d4436a8d9311d8707b71d9f0b6",
        "type": "github"
      },
      "original": {
        "owner": "snowfallorg",
        "repo": "lib",
        "type": "github"
      }
    },
    "systems": {
      "locked": {
        "lastModified": 1681028828,
        "narHash": "sha256-Vy1rq5AaRuLzOxct8nz4T6wlgyUR7zLU309k9mBC768=",
        "owner": "nix-systems",
        "repo": "default",
        "rev": "da67096a3b9bf56a91d16901293e51ba5b49a27e",
        "type": "github"
      },
      "original": {
        "owner": "nix-systems",
        "repo": "default",
        "type": "github"
      }
    }
  },
  "root": "root",
  "version": 7
}
